// !$*UTF8*$!
{
	archiveVersion = 1;
	classes = {
	};
	objectVersion = 46;
	objects = {

/* Begin PBXBuildFile section */
		B253E1111E2E1EC100CF696D /* AppDelegate.swift in Sources */ = {isa = PBXBuildFile; fileRef = B253E1101E2E1EC100CF696D /* AppDelegate.swift */; };
		B253E1131E2E1EC100CF696D /* ViewController.swift in Sources */ = {isa = PBXBuildFile; fileRef = B253E1121E2E1EC100CF696D /* ViewController.swift */; };
		B253E1161E2E1EC100CF696D /* Main.storyboard in Resources */ = {isa = PBXBuildFile; fileRef = B253E1141E2E1EC100CF696D /* Main.storyboard */; };
		B253E1181E2E1EC100CF696D /* Assets.xcassets in Resources */ = {isa = PBXBuildFile; fileRef = B253E1171E2E1EC100CF696D /* Assets.xcassets */; };
		B253E11B1E2E1EC100CF696D /* LaunchScreen.storyboard in Resources */ = {isa = PBXBuildFile; fileRef = B253E1191E2E1EC100CF696D /* LaunchScreen.storyboard */; };
		B253E1231E2E2A5100CF696D /* pokemon.csv in Resources */ = {isa = PBXBuildFile; fileRef = B253E1221E2E2A5100CF696D /* pokemon.csv */; };
/* End PBXBuildFile section */

/* Begin PBXFileReference section */
		B253E10D1E2E1EC100CF696D /* Pokedex3.app */ = {isa = PBXFileReference; explicitFileType = wrapper.application; includeInIndex = 0; path = Pokedex3.app; sourceTree = BUILT_PRODUCTS_DIR; };
		B253E1101E2E1EC100CF696D /* AppDelegate.swift */ = {isa = PBXFileReference; lastKnownFileType = sourcecode.swift; path = AppDelegate.swift; sourceTree = "<group>"; };
		B253E1121E2E1EC100CF696D /* ViewController.swift */ = {isa = PBXFileReference; lastKnownFileType = sourcecode.swift; path = ViewController.swift; sourceTree = "<group>"; };
		B253E1151E2E1EC100CF696D /* Base */ = {isa = PBXFileReference; lastKnownFileType = file.storyboard; name = Base; path = Base.lproj/Main.storyboard; sourceTree = "<group>"; };
		B253E1171E2E1EC100CF696D /* Assets.xcassets */ = {isa = PBXFileReference; lastKnownFileType = folder.assetcatalog; path = Assets.xcassets; sourceTree = "<group>"; };
		B253E11A1E2E1EC100CF696D /* Base */ = {isa = PBXFileReference; lastKnownFileType = file.storyboard; name = Base; path = Base.lproj/LaunchScreen.storyboard; sourceTree = "<group>"; };
		B253E11C1E2E1EC100CF696D /* Info.plist */ = {isa = PBXFileReference; lastKnownFileType = text.plist.xml; path = Info.plist; sourceTree = "<group>"; };
		B253E1221E2E2A5100CF696D /* pokemon.csv */ = {isa = PBXFileReference; fileEncoding = 4; lastKnownFileType = text; path = pokemon.csv; sourceTree = "<group>"; };
/* End PBXFileReference section */

/* Begin PBXFrameworksBuildPhase section */
		B253E10A1E2E1EC100CF696D /* Frameworks */ = {
			isa = PBXFrameworksBuildPhase;
			buildActionMask = 2147483647;
			files = (
			);
			runOnlyForDeploymentPostprocessing = 0;
		};
/* End PBXFrameworksBuildPhase section */

/* Begin PBXGroup section */
		B253E1041E2E1EC100CF696D = {
			isa = PBXGroup;
			children = (
				B253E10F1E2E1EC100CF696D /* Pokedex3 */,
				B253E10E1E2E1EC100CF696D /* Products */,
			);
			sourceTree = "<group>";
		};
		B253E10E1E2E1EC100CF696D /* Products */ = {
			isa = PBXGroup;
			children = (
				B253E10D1E2E1EC100CF696D /* Pokedex3.app */,
			);
			name = Products;
			sourceTree = "<group>";
		};
		B253E10F1E2E1EC100CF696D /* Pokedex3 */ = {
			isa = PBXGroup;
			children = (
				B253E1101E2E1EC100CF696D /* AppDelegate.swift */,
				B253E1121E2E1EC100CF696D /* ViewController.swift */,
				B253E1141E2E1EC100CF696D /* Main.storyboard */,
				B253E1171E2E1EC100CF696D /* Assets.xcassets */,
				B253E1221E2E2A5100CF696D /* pokemon.csv */,
				B253E1191E2E1EC100CF696D /* LaunchScreen.storyboard */,
				B253E11C1E2E1EC100CF696D /* Info.plist */,
			);
			path = Pokedex3;
			sourceTree = "<group>";
		};
/* End PBXGroup section */

/* Begin PBXNativeTarget section */
		B253E10C1E2E1EC100CF696D /* Pokedex3 */ = {
			isa = PBXNativeTarget;
			buildConfigurationList = B253E11F1E2E1EC100CF696D /* Build configuration list for PBXNativeTarget "Pokedex3" */;
			buildPhases = (
				B253E1091E2E1EC100CF696D /* Sources */,
				B253E10A1E2E1EC100CF696D /* Frameworks */,
				B253E10B1E2E1EC100CF696D /* Resources */,
			);
			buildRules = (
			);
			dependencies = (
			);
			name = Pokedex3;
			productName = Pokedex3;
			productReference = B253E10D1E2E1EC100CF696D /* Pokedex3.app */;
			productType = "com.apple.product-type.application";
		};
/* End PBXNativeTarget section */

/* Begin PBXProject section */
		B253E1051E2E1EC100CF696D /* Project object */ = {
			isa = PBXProject;
			attributes = {
				LastSwiftUpdateCheck = 0800;
				LastUpgradeCheck = 0800;
				ORGANIZATIONNAME = "Terry Ladden";
				TargetAttributes = {
					B253E10C1E2E1EC100CF696D = {
						CreatedOnToolsVersion = 8.0;
						ProvisioningStyle = Automatic;
					};
				};
			};
			buildConfigurationList = B253E1081E2E1EC100CF696D /* Build configuration list for PBXProject "Pokedex3" */;
			compatibilityVersion = "Xcode 3.2";
			developmentRegion = English;
			hasScannedForEncodings = 0;
			knownRegions = (
				en,
				Base,
			);
			mainGroup = B253E1041E2E1EC100CF696D;
			productRefGroup = B253E10E1E2E1EC100CF696D /* Products */;
			projectDirPath = "";
			projectRoot = "";
			targets = (
				B253E10C1E2E1EC100CF696D /* Pokedex3 */,
			);
		};
/* End PBXProject section */

/* Begin PBXResourcesBuildPhase section */
		B253E10B1E2E1EC100CF696D /* Resources */ = {
			isa = PBXResourcesBuildPhase;
			buildActionMask = 2147483647;
			files = (
				B253E11B1E2E1EC100CF696D /* LaunchScreen.storyboard in Resources */,
				B253E1181E2E1EC100CF696D /* Assets.xcassets in Resources */,
				B253E1231E2E2A5100CF696D /* pokemon.csv in Resources */,
				B253E1161E2E1EC100CF696D /* Main.storyboard in Resources */,
			);
			runOnlyForDeploymentPostprocessing = 0;
		};
/* End PBXResourcesBuildPhase section */

/* Begin PBXSourcesBuildPhase section */
		B253E1091E2E1EC100CF696D /* Sources */ = {
			isa = PBXSourcesBuildPhase;
			buildActionMask = 2147483647;
			files = (
				B253E1131E2E1EC100CF696D /* ViewController.swift in Sources */,
				B253E1111E2E1EC100CF696D /* AppDelegate.swift in Sources */,
			);
			runOnlyForDeploymentPostprocessing = 0;
		};
/* End PBXSourcesBuildPhase section */

/* Begin PBXVariantGroup section */
		B253E1141E2E1EC100CF696D /* Main.storyboard */ = {
			isa = PBXVariantGroup;
			children = (
				B253E1151E2E1EC100CF696D /* Base */,
			);
			name = Main.storyboard;
			sourceTree = "<group>";
		};
		B253E1191E2E1EC100CF696D /* LaunchScreen.storyboard */ = {
			isa = PBXVariantGroup;
			children = (
				B253E11A1E2E1EC100CF696D /* Base */,
			);
			name = LaunchScreen.storyboard;
			sourceTree = "<group>";
		};
/* End PBXVariantGroup section */

/* Begin XCBuildConfiguration section */
		B253E11D1E2E1EC100CF696D /* Debug */ = {
			isa = XCBuildConfiguration;
			buildSettings = {
				ALWAYS_SEARCH_USER_PATHS = NO;
				CLANG_ANALYZER_NONNULL = YES;
				CLANG_CXX_LANGUAGE_STANDARD = "gnu++0x";
				CLANG_CXX_LIBRARY = "libc++";
				CLANG_ENABLE_MODULES = YES;
				CLANG_ENABLE_OBJC_ARC = YES;
				CLANG_WARN_BOOL_CONVERSION = YES;
				CLANG_WARN_CONSTANT_CONVERSION = YES;
				CLANG_WARN_DIRECT_OBJC_ISA_USAGE = YES_ERROR;
				CLANG_WARN_DOCUMENTATION_COMMENTS = YES;
				CLANG_WARN_EMPTY_BODY = YES;
				CLANG_WARN_ENUM_CONVERSION = YES;
				CLANG_WARN_INFINITE_RECURSION = YES;
				CLANG_WARN_INT_CONVERSION = YES;
				CLANG_WARN_OBJC_ROOT_CLASS = YES_ERROR;
				CLANG_WARN_SUSPICIOUS_MOVES = YES;
				CLANG_WARN_UNREACHABLE_CODE = YES;
				CLANG_WARN__DUPLICATE_METHOD_MATCH = YES;
				"CODE_SIGN_IDENTITY[sdk=iphoneos*]" = "iPhone Developer";
				COPY_PHASE_STRIP = NO;
				DEBUG_INFORMATION_FORMAT = dwarf;
				ENABLE_STRICT_OBJC_MSGSEND = YES;
				ENABLE_TESTABILITY = YES;
				GCC_C_LANGUAGE_STANDARD = gnu99;
				GCC_DYNAMIC_NO_PIC = NO;
				GCC_NO_COMMON_BLOCKS = YES;
				GCC_OPTIMIZATION_LEVEL = 0;
				GCC_PREPROCESSOR_DEFINITIONS = (
					"DEBUG=1",
					"$(inherited)",
				);
				GCC_WARN_64_TO_32_BIT_CONVERSION = YES;
				GCC_WARN_ABOUT_RETURN_TYPE = YES_ERROR;
				GCC_WARN_UNDECLARED_SELECTOR = YES;
				GCC_WARN_UNINITIALIZED_AUTOS = YES_AGGRESSIVE;
				GCC_WARN_UNUSED_FUNCTION = YES;
				GCC_WARN_UNUSED_VARIABLE = YES;
				IPHONEOS_DEPLOYMENT_TARGET = 10.0;
				MTL_ENABLE_DEBUG_INFO = YES;
				ONLY_ACTIVE_ARCH = YES;
				SDKROOT = iphoneos;
				SWIFT_ACTIVE_COMPILATION_CONDITIONS = DEBUG;
				SWIFT_OPTIMIZATION_LEVEL = "-Onone";
			};
			name = Debug;
		};
		B253E11E1E2E1EC100CF696D /* Release */ = {
			isa = XCBuildConfiguration;
			buildSettings = {
				ALWAYS_SEARCH_USER_PATHS = NO;
				CLANG_ANALYZER_NONNULL = YES;
				CLANG_CXX_LANGUAGE_STANDARD = "gnu++0x";
				CLANG_CXX_LIBRARY = "libc++";
				CLANG_ENABLE_MODULES = YES;
				CLANG_ENABLE_OBJC_ARC = YES;
				CLANG_WARN_BOOL_CONVERSION = YES;
				CLANG_WARN_CONSTANT_CONVERSION = YES;
				CLANG_WARN_DIRECT_OBJC_ISA_USAGE = YES_ERROR;
				CLANG_WARN_DOCUMENTATION_COMMENTS = YES;
				CLANG_WARN_EMPTY_BODY = YES;
				CLANG_WARN_ENUM_CONVERSION = YES;
				CLANG_WARN_INFINITE_RECURSION = YES;
				CLANG_WARN_INT_CONVERSION = YES;
				CLANG_WARN_OBJC_ROOT_CLASS = YES_ERROR;
				CLANG_WARN_SUSPICIOUS_MOVES = YES;
				CLANG_WARN_UNREACHABLE_CODE = YES;
				CLANG_WARN__DUPLICATE_METHOD_MATCH = YES;
				"CODE_SIGN_IDENTITY[sdk=iphoneos*]" = "iPhone Developer";
				COPY_PHASE_STRIP = NO;
				DEBUG_INFORMATION_FORMAT = "dwarf-with-dsym";
				ENABLE_NS_ASSERTIONS = NO;
				ENABLE_STRICT_OBJC_MSGSEND = YES;
				GCC_C_LANGUAGE_STANDARD = gnu99;
				GCC_NO_COMMON_BLOCKS = YES;
				GCC_WARN_64_TO_32_BIT_CONVERSION = YES;
				GCC_WARN_ABOUT_RETURN_TYPE = YES_ERROR;
				GCC_WARN_UNDECLARED_SELECTOR = YES;
				GCC_WARN_UNINITIALIZED_AUTOS = YES_AGGRESSIVE;
				GCC_WARN_UNUSED_FUNCTION = YES;
				GCC_WARN_UNUSED_VARIABLE = YES;
				IPHONEOS_DEPLOYMENT_TARGET = 10.0;
				MTL_ENABLE_DEBUG_INFO = NO;
				SDKROOT = iphoneos;
				SWIFT_OPTIMIZATION_LEVEL = "-Owholemodule";
				VALIDATE_PRODUCT = YES;
			};
			name = Release;
		};
		B253E1201E2E1EC100CF696D /* Debug */ = {
			isa = XCBuildConfiguration;
			buildSettings = {
				ASSETCATALOG_COMPILER_APPICON_NAME = AppIcon;
				INFOPLIST_FILE = Pokedex3/Info.plist;
				LD_RUNPATH_SEARCH_PATHS = "$(inherited) @executable_path/Frameworks";
				PRODUCT_BUNDLE_IDENTIFIER = au.com.KoiMedia.Pokedex3;
				PRODUCT_NAME = "$(TARGET_NAME)";
				SWIFT_VERSION = 3.0;
			};
			name = Debug;
		};
		B253E1211E2E1EC100CF696D /* Release */ = {
			isa = XCBuildConfiguration;
			buildSettings = {
				ASSETCATALOG_COMPILER_APPICON_NAME = AppIcon;
				INFOPLIST_FILE = Pokedex3/Info.plist;
				LD_RUNPATH_SEARCH_PATHS = "$(inherited) @executable_path/Frameworks";
				PRODUCT_BUNDLE_IDENTIFIER = au.com.KoiMedia.Pokedex3;
				PRODUCT_NAME = "$(TARGET_NAME)";
				SWIFT_VERSION = 3.0;
			};
			name = Release;
		};
/* End XCBuildConfiguration section */

/* Begin XCConfigurationList section */
		B253E1081E2E1EC100CF696D /* Build configuration list for PBXProject "Pokedex3" */ = {
			isa = XCConfigurationList;
			buildConfigurations = (
				B253E11D1E2E1EC100CF696D /* Debug */,
				B253E11E1E2E1EC100CF696D /* Release */,
			);
			defaultConfigurationIsVisible = 0;
			defaultConfigurationName = Release;
		};
		B253E11F1E2E1EC100CF696D /* Build configuration list for PBXNativeTarget "Pokedex3" */ = {
			isa = XCConfigurationList;
			buildConfigurations = (
				B253E1201E2E1EC100CF696D /* Debug */,
				B253E1211E2E1EC100CF696D /* Release */,
			);
			defaultConfigurationIsVisible = 0;
			defaultConfigurationName = Release;
		};
/* End XCConfigurationList section */
	};
	rootObject = B253E1051E2E1EC100CF696D /* Project object */;
}
